// !$*UTF8*$!
{
	archiveVersion = 1;
	classes = {
	};
	objectVersion = 77;
	objects = {

/* Begin PBXContainerItemProxy section */
		26A09B122DE5EBB7006FEEAC /* PBXContainerItemProxy */ = {
			isa = PBXContainerItemProxy;
			containerPortal = 26A09AFA2DE5EBB6006FEEAC /* Project object */;
			proxyType = 1;
			remoteGlobalIDString = 26A09B012DE5EBB6006FEEAC;
			remoteInfo = Reminders;
		};
		26A09B1C2DE5EBB7006FEEAC /* PBXContainerItemProxy */ = {
			isa = PBXContainerItemProxy;
			containerPortal = 26A09AFA2DE5EBB6006FEEAC /* Project object */;
			proxyType = 1;
			remoteGlobalIDString = 26A09B012DE5EBB6006FEEAC;
			remoteInfo = Reminders;
		};
/* End PBXContainerItemProxy section */

/* Begin PBXFileReference section */
		26A09B022DE5EBB6006FEEAC /* Reminders.app */ = {isa = PBXFileReference; explicitFileType = wrapper.application; includeInIndex = 0; path = Reminders.app; sourceTree = BUILT_PRODUCTS_DIR; };
		26A09B112DE5EBB7006FEEAC /* RemindersTests.xctest */ = {isa = PBXFileReference; explicitFileType = wrapper.cfbundle; includeInIndex = 0; path = RemindersTests.xctest; sourceTree = BUILT_PRODUCTS_DIR; };
		26A09B1B2DE5EBB7006FEEAC /* RemindersUITests.xctest */ = {isa = PBXFileReference; explicitFileType = wrapper.cfbundle; includeInIndex = 0; path = RemindersUITests.xctest; sourceTree = BUILT_PRODUCTS_DIR; };
/* End PBXFileReference section */

/* Begin PBXFileSystemSynchronizedRootGroup section */
		26A09B042DE5EBB6006FEEAC /* Reminders */ = {
			isa = PBXFileSystemSynchronizedRootGroup;
			path = Reminders;
			sourceTree = "<group>";
		};
		26A09B142DE5EBB7006FEEAC /* RemindersTests */ = {
			isa = PBXFileSystemSynchronizedRootGroup;
			path = RemindersTests;
			sourceTree = "<group>";
		};
		26A09B1E2DE5EBB7006FEEAC /* RemindersUITests */ = {
			isa = PBXFileSystemSynchronizedRootGroup;
			path = RemindersUITests;
			sourceTree = "<group>";
		};
/* End PBXFileSystemSynchronizedRootGroup section */

/* Begin PBXFrameworksBuildPhase section */
		26A09AFF2DE5EBB6006FEEAC /* Frameworks */ = {
			isa = PBXFrameworksBuildPhase;
			buildActionMask = 2147483647;
			files = (
			);
			runOnlyForDeploymentPostprocessing = 0;
		};
		26A09B0E2DE5EBB7006FEEAC /* Frameworks */ = {
			isa = PBXFrameworksBuildPhase;
			buildActionMask = 2147483647;
			files = (
			);
			runOnlyForDeploymentPostprocessing = 0;
		};
		26A09B182DE5EBB7006FEEAC /* Frameworks */ = {
			isa = PBXFrameworksBuildPhase;
			buildActionMask = 2147483647;
			files = (
			);
			runOnlyForDeploymentPostprocessing = 0;
		};
/* End PBXFrameworksBuildPhase section */

/* Begin PBXGroup section */
		26A09AF92DE5EBB6006FEEAC = {
			isa = PBXGroup;
			children = (
				26A09B042DE5EBB6006FEEAC /* Reminders */,
				26A09B142DE5EBB7006FEEAC /* RemindersTests */,
				26A09B1E2DE5EBB7006FEEAC /* RemindersUITests */,
				26A09B032DE5EBB6006FEEAC /* Products */,
			);
			sourceTree = "<group>";
		};
		26A09B032DE5EBB6006FEEAC /* Products */ = {
			isa = PBXGroup;
			children = (
				26A09B022DE5EBB6006FEEAC /* Reminders.app */,
				26A09B112DE5EBB7006FEEAC /* RemindersTests.xctest */,
				26A09B1B2DE5EBB7006FEEAC /* RemindersUITests.xctest */,
			);
			name = Products;
			sourceTree = "<group>";
		};
/* End PBXGroup section */

/* Begin PBXNativeTarget section */
		26A09B012DE5EBB6006FEEAC /* Reminders */ = {
			isa = PBXNativeTarget;
			buildConfigurationList = 26A09B252DE5EBB7006FEEAC /* Build configuration list for PBXNativeTarget "Reminders" */;
			buildPhases = (
				26A09AFE2DE5EBB6006FEEAC /* Sources */,
				26A09AFF2DE5EBB6006FEEAC /* Frameworks */,
				26A09B002DE5EBB6006FEEAC /* Resources */,
			);
			buildRules = (
			);
			dependencies = (
			);
			fileSystemSynchronizedGroups = (
				26A09B042DE5EBB6006FEEAC /* Reminders */,
			);
			name = Reminders;
			packageProductDependencies = (
			);
			productName = Reminders;
			productReference = 26A09B022DE5EBB6006FEEAC /* Reminders.app */;
			productType = "com.apple.product-type.application";
		};
		26A09B102DE5EBB7006FEEAC /* RemindersTests */ = {
			isa = PBXNativeTarget;
			buildConfigurationList = 26A09B282DE5EBB7006FEEAC /* Build configuration list for PBXNativeTarget "RemindersTests" */;
			buildPhases = (
				26A09B0D2DE5EBB7006FEEAC /* Sources */,
				26A09B0E2DE5EBB7006FEEAC /* Frameworks */,
				26A09B0F2DE5EBB7006FEEAC /* Resources */,
			);
			buildRules = (
			);
			dependencies = (
				26A09B132DE5EBB7006FEEAC /* PBXTargetDependency */,
			);
			fileSystemSynchronizedGroups = (
				26A09B142DE5EBB7006FEEAC /* RemindersTests */,
			);
			name = RemindersTests;
			packageProductDependencies = (
			);
			productName = RemindersTests;
			productReference = 26A09B112DE5EBB7006FEEAC /* RemindersTests.xctest */;
			productType = "com.apple.product-type.bundle.unit-test";
		};
		26A09B1A2DE5EBB7006FEEAC /* RemindersUITests */ = {
			isa = PBXNativeTarget;
			buildConfigurationList = 26A09B2B2DE5EBB7006FEEAC /* Build configuration list for PBXNativeTarget "RemindersUITests" */;
			buildPhases = (
				26A09B172DE5EBB7006FEEAC /* Sources */,
				26A09B182DE5EBB7006FEEAC /* Frameworks */,
				26A09B192DE5EBB7006FEEAC /* Resources */,
			);
			buildRules = (
			);
			dependencies = (
				26A09B1D2DE5EBB7006FEEAC /* PBXTargetDependency */,
			);
			fileSystemSynchronizedGroups = (
				26A09B1E2DE5EBB7006FEEAC /* RemindersUITests */,
			);
			name = RemindersUITests;
			packageProductDependencies = (
			);
			productName = RemindersUITests;
			productReference = 26A09B1B2DE5EBB7006FEEAC /* RemindersUITests.xctest */;
			productType = "com.apple.product-type.bundle.ui-testing";
		};
/* End PBXNativeTarget section */

/* Begin PBXProject section */
		26A09AFA2DE5EBB6006FEEAC /* Project object */ = {
			isa = PBXProject;
			attributes = {
				BuildIndependentTargetsInParallel = 1;
				LastSwiftUpdateCheck = 1630;
				LastUpgradeCheck = 1630;
				TargetAttributes = {
					26A09B012DE5EBB6006FEEAC = {
						CreatedOnToolsVersion = 16.3;
					};
					26A09B102DE5EBB7006FEEAC = {
						CreatedOnToolsVersion = 16.3;
						TestTargetID = 26A09B012DE5EBB6006FEEAC;
					};
					26A09B1A2DE5EBB7006FEEAC = {
						CreatedOnToolsVersion = 16.3;
						TestTargetID = 26A09B012DE5EBB6006FEEAC;
					};
				};
			};
			buildConfigurationList = 26A09AFD2DE5EBB6006FEEAC /* Build configuration list for PBXProject "Reminders" */;
			developmentRegion = en;
			hasScannedForEncodings = 0;
			knownRegions = (
				en,
				Base,
			);
			mainGroup = 26A09AF92DE5EBB6006FEEAC;
			minimizedProjectReferenceProxies = 1;
			preferredProjectObjectVersion = 77;
			productRefGroup = 26A09B032DE5EBB6006FEEAC /* Products */;
			projectDirPath = "";
			projectRoot = "";
			targets = (
				26A09B012DE5EBB6006FEEAC /* Reminders */,
				26A09B102DE5EBB7006FEEAC /* RemindersTests */,
				26A09B1A2DE5EBB7006FEEAC /* RemindersUITests */,
			);
		};
/* End PBXProject section */

/* Begin PBXResourcesBuildPhase section */
		26A09B002DE5EBB6006FEEAC /* Resources */ = {
			isa = PBXResourcesBuildPhase;
			buildActionMask = 2147483647;
			files = (
			);
			runOnlyForDeploymentPostprocessing = 0;
		};
		26A09B0F2DE5EBB7006FEEAC /* Resources */ = {
			isa = PBXResourcesBuildPhase;
			buildActionMask = 2147483647;
			files = (
			);
			runOnlyForDeploymentPostprocessing = 0;
		};
		26A09B192DE5EBB7006FEEAC /* Resources */ = {
			isa = PBXResourcesBuildPhase;
			buildActionMask = 2147483647;
			files = (
			);
			runOnlyForDeploymentPostprocessing = 0;
		};
/* End PBXResourcesBuildPhase section */

/* Begin PBXSourcesBuildPhase section */
		26A09AFE2DE5EBB6006FEEAC /* Sources */ = {
			isa = PBXSourcesBuildPhase;
			buildActionMask = 2147483647;
			files = (
			);
			runOnlyForDeploymentPostprocessing = 0;
		};
		26A09B0D2DE5EBB7006FEEAC /* Sources */ = {
			isa = PBXSourcesBuildPhase;
			buildActionMask = 2147483647;
			files = (
			);
			runOnlyForDeploymentPostprocessing = 0;
		};
		26A09B172DE5EBB7006FEEAC /* Sources */ = {
			isa = PBXSourcesBuildPhase;
			buildActionMask = 2147483647;
			files = (
			);
			runOnlyForDeploymentPostprocessing = 0;
		};
/* End PBXSourcesBuildPhase section */

/* Begin PBXTargetDependency section */
		26A09B132DE5EBB7006FEEAC /* PBXTargetDependency */ = {
			isa = PBXTargetDependency;
			target = 26A09B012DE5EBB6006FEEAC /* Reminders */;
			targetProxy = 26A09B122DE5EBB7006FEEAC /* PBXContainerItemProxy */;
		};
		26A09B1D2DE5EBB7006FEEAC /* PBXTargetDependency */ = {
			isa = PBXTargetDependency;
			target = 26A09B012DE5EBB6006FEEAC /* Reminders */;
			targetProxy = 26A09B1C2DE5EBB7006FEEAC /* PBXContainerItemProxy */;
		};
/* End PBXTargetDependency section */

/* Begin XCBuildConfiguration section */
		26A09B232DE5EBB7006FEEAC /* Debug */ = {
			isa = XCBuildConfiguration;
			buildSettings = {
				ALWAYS_SEARCH_USER_PATHS = NO;
				ASSETCATALOG_COMPILER_GENERATE_SWIFT_ASSET_SYMBOL_EXTENSIONS = YES;
				CLANG_ANALYZER_NONNULL = YES;
				CLANG_ANALYZER_NUMBER_OBJECT_CONVERSION = YES_AGGRESSIVE;
				CLANG_CXX_LANGUAGE_STANDARD = "gnu++20";
				CLANG_ENABLE_MODULES = YES;
				CLANG_ENABLE_OBJC_ARC = YES;
				CLANG_ENABLE_OBJC_WEAK = YES;
				CLANG_WARN_BLOCK_CAPTURE_AUTORELEASING = YES;
				CLANG_WARN_BOOL_CONVERSION = YES;
				CLANG_WARN_COMMA = YES;
				CLANG_WARN_CONSTANT_CONVERSION = YES;
				CLANG_WARN_DEPRECATED_OBJC_IMPLEMENTATIONS = YES;
				CLANG_WARN_DIRECT_OBJC_ISA_USAGE = YES_ERROR;
				CLANG_WARN_DOCUMENTATION_COMMENTS = YES;
				CLANG_WARN_EMPTY_BODY = YES;
				CLANG_WARN_ENUM_CONVERSION = YES;
				CLANG_WARN_INFINITE_RECURSION = YES;
				CLANG_WARN_INT_CONVERSION = YES;
				CLANG_WARN_NON_LITERAL_NULL_CONVERSION = YES;
				CLANG_WARN_OBJC_IMPLICIT_RETAIN_SELF = YES;
				CLANG_WARN_OBJC_LITERAL_CONVERSION = YES;
				CLANG_WARN_OBJC_ROOT_CLASS = YES_ERROR;
				CLANG_WARN_QUOTED_INCLUDE_IN_FRAMEWORK_HEADER = YES;
				CLANG_WARN_RANGE_LOOP_ANALYSIS = YES;
				CLANG_WARN_STRICT_PROTOTYPES = YES;
				CLANG_WARN_SUSPICIOUS_MOVE = YES;
				CLANG_WARN_UNGUARDED_AVAILABILITY = YES_AGGRESSIVE;
				CLANG_WARN_UNREACHABLE_CODE = YES;
				CLANG_WARN__DUPLICATE_METHOD_MATCH = YES;
				COPY_PHASE_STRIP = NO;
				DEBUG_INFORMATION_FORMAT = dwarf;
				DEVELOPMENT_TEAM = MC42SV6CN7;
				ENABLE_STRICT_OBJC_MSGSEND = YES;
				ENABLE_TESTABILITY = YES;
				ENABLE_USER_SCRIPT_SANDBOXING = YES;
				GCC_C_LANGUAGE_STANDARD = gnu17;
				GCC_DYNAMIC_NO_PIC = NO;
				GCC_NO_COMMON_BLOCKS = YES;
				GCC_OPTIMIZATION_LEVEL = 0;
				GCC_PREPROCESSOR_DEFINITIONS = (
					"DEBUG=1",
					"$(inherited)",
				);
				GCC_WARN_64_TO_32_BIT_CONVERSION = YES;
				GCC_WARN_ABOUT_RETURN_TYPE = YES_ERROR;
				GCC_WARN_UNDECLARED_SELECTOR = YES;
				GCC_WARN_UNINITIALIZED_AUTOS = YES_AGGRESSIVE;
				GCC_WARN_UNUSED_FUNCTION = YES;
				GCC_WARN_UNUSED_VARIABLE = YES;
				IPHONEOS_DEPLOYMENT_TARGET = 18.4;
				LOCALIZATION_PREFERS_STRING_CATALOGS = YES;
				MTL_ENABLE_DEBUG_INFO = INCLUDE_SOURCE;
				MTL_FAST_MATH = YES;
				ONLY_ACTIVE_ARCH = YES;
				SDKROOT = iphoneos;
				SWIFT_ACTIVE_COMPILATION_CONDITIONS = "DEBUG $(inherited)";
				SWIFT_OPTIMIZATION_LEVEL = "-Onone";
			};
			name = Debug;
		};
		26A09B242DE5EBB7006FEEAC /* Release */ = {
			isa = XCBuildConfiguration;
			buildSettings = {
				ALWAYS_SEARCH_USER_PATHS = NO;
				ASSETCATALOG_COMPILER_GENERATE_SWIFT_ASSET_SYMBOL_EXTENSIONS = YES;
				CLANG_ANALYZER_NONNULL = YES;
				CLANG_ANALYZER_NUMBER_OBJECT_CONVERSION = YES_AGGRESSIVE;
				CLANG_CXX_LANGUAGE_STANDARD = "gnu++20";
				CLANG_ENABLE_MODULES = YES;
				CLANG_ENABLE_OBJC_ARC = YES;
				CLANG_ENABLE_OBJC_WEAK = YES;
				CLANG_WARN_BLOCK_CAPTURE_AUTORELEASING = YES;
				CLANG_WARN_BOOL_CONVERSION = YES;
				CLANG_WARN_COMMA = YES;
				CLANG_WARN_CONSTANT_CONVERSION = YES;
				CLANG_WARN_DEPRECATED_OBJC_IMPLEMENTATIONS = YES;
				CLANG_WARN_DIRECT_OBJC_ISA_USAGE = YES_ERROR;
				CLANG_WARN_DOCUMENTATION_COMMENTS = YES;
				CLANG_WARN_EMPTY_BODY = YES;
				CLANG_WARN_ENUM_CONVERSION = YES;
				CLANG_WARN_INFINITE_RECURSION = YES;
				CLANG_WARN_INT_CONVERSION = YES;
				CLANG_WARN_NON_LITERAL_NULL_CONVERSION = YES;
				CLANG_WARN_OBJC_IMPLICIT_RETAIN_SELF = YES;
				CLANG_WARN_OBJC_LITERAL_CONVERSION = YES;
				CLANG_WARN_OBJC_ROOT_CLASS = YES_ERROR;
				CLANG_WARN_QUOTED_INCLUDE_IN_FRAMEWORK_HEADER = YES;
				CLANG_WARN_RANGE_LOOP_ANALYSIS = YES;
				CLANG_WARN_STRICT_PROTOTYPES = YES;
				CLANG_WARN_SUSPICIOUS_MOVE = YES;
				CLANG_WARN_UNGUARDED_AVAILABILITY = YES_AGGRESSIVE;
				CLANG_WARN_UNREACHABLE_CODE = YES;
				CLANG_WARN__DUPLICATE_METHOD_MATCH = YES;
				COPY_PHASE_STRIP = NO;
				DEBUG_INFORMATION_FORMAT = "dwarf-with-dsym";
				DEVELOPMENT_TEAM = MC42SV6CN7;
				ENABLE_NS_ASSERTIONS = NO;
				ENABLE_STRICT_OBJC_MSGSEND = YES;
				ENABLE_USER_SCRIPT_SANDBOXING = YES;
				GCC_C_LANGUAGE_STANDARD = gnu17;
				GCC_NO_COMMON_BLOCKS = YES;
				GCC_WARN_64_TO_32_BIT_CONVERSION = YES;
				GCC_WARN_ABOUT_RETURN_TYPE = YES_ERROR;
				GCC_WARN_UNDECLARED_SELECTOR = YES;
				GCC_WARN_UNINITIALIZED_AUTOS = YES_AGGRESSIVE;
				GCC_WARN_UNUSED_FUNCTION = YES;
				GCC_WARN_UNUSED_VARIABLE = YES;
				IPHONEOS_DEPLOYMENT_TARGET = 18.4;
				LOCALIZATION_PREFERS_STRING_CATALOGS = YES;
				MTL_ENABLE_DEBUG_INFO = NO;
				MTL_FAST_MATH = YES;
				SDKROOT = iphoneos;
				SWIFT_COMPILATION_MODE = wholemodule;
				VALIDATE_PRODUCT = YES;
			};
			name = Release;
		};
		26A09B262DE5EBB7006FEEAC /* Debug */ = {
			isa = XCBuildConfiguration;
			buildSettings = {
				ASSETCATALOG_COMPILER_APPICON_NAME = AppIcon;
				ASSETCATALOG_COMPILER_GLOBAL_ACCENT_COLOR_NAME = AccentColor;
				CODE_SIGN_STYLE = Automatic;
				CURRENT_PROJECT_VERSION = 1;
				DEVELOPMENT_TEAM = MC42SV6CN7;
				ENABLE_PREVIEWS = YES;
				GENERATE_INFOPLIST_FILE = YES;
				INFOPLIST_KEY_UIApplicationSceneManifest_Generation = YES;
				INFOPLIST_KEY_UIApplicationSupportsIndirectInputEvents = YES;
				INFOPLIST_KEY_UILaunchScreen_Generation = YES;
				INFOPLIST_KEY_UISupportedInterfaceOrientations_iPad = "UIInterfaceOrientationPortrait UIInterfaceOrientationPortraitUpsideDown UIInterfaceOrientationLandscapeLeft UIInterfaceOrientationLandscapeRight";
				INFOPLIST_KEY_UISupportedInterfaceOrientations_iPhone = "UIInterfaceOrientationPortrait UIInterfaceOrientationLandscapeLeft UIInterfaceOrientationLandscapeRight";
				LD_RUNPATH_SEARCH_PATHS = (
					"$(inherited)",
					"@executable_path/Frameworks",
				);
				MARKETING_VERSION = 1.0;
				PRODUCT_BUNDLE_IDENTIFIER = com.xa.Reminders;
				PRODUCT_NAME = "$(TARGET_NAME)";
				SWIFT_EMIT_LOC_STRINGS = YES;
				SWIFT_VERSION = 5.0;
				TARGETED_DEVICE_FAMILY = "1,2";
			};
			name = Debug;
		};
		26A09B272DE5EBB7006FEEAC /* Release */ = {
			isa = XCBuildConfiguration;
			buildSettings = {
				ASSETCATALOG_COMPILER_APPICON_NAME = AppIcon;
				ASSETCATALOG_COMPILER_GLOBAL_ACCENT_COLOR_NAME = AccentColor;
				CODE_SIGN_STYLE = Automatic;
				CURRENT_PROJECT_VERSION = 1;
				DEVELOPMENT_TEAM = MC42SV6CN7;
				ENABLE_PREVIEWS = YES;
				GENERATE_INFOPLIST_FILE = YES;
				INFOPLIST_KEY_UIApplicationSceneManifest_Generation = YES;
				INFOPLIST_KEY_UIApplicationSupportsIndirectInputEvents = YES;
				INFOPLIST_KEY_UILaunchScreen_Generation = YES;
				INFOPLIST_KEY_UISupportedInterfaceOrientations_iPad = "UIInterfaceOrientationPortrait UIInterfaceOrientationPortraitUpsideDown UIInterfaceOrientationLandscapeLeft UIInterfaceOrientationLandscapeRight";
				INFOPLIST_KEY_UISupportedInterfaceOrientations_iPhone = "UIInterfaceOrientationPortrait UIInterfaceOrientationLandscapeLeft UIInterfaceOrientationLandscapeRight";
				LD_RUNPATH_SEARCH_PATHS = (
					"$(inherited)",
					"@executable_path/Frameworks",
				);
				MARKETING_VERSION = 1.0;
				PRODUCT_BUNDLE_IDENTIFIER = com.xa.Reminders;
				PRODUCT_NAME = "$(TARGET_NAME)";
				SWIFT_EMIT_LOC_STRINGS = YES;
				SWIFT_VERSION = 5.0;
				TARGETED_DEVICE_FAMILY = "1,2";
			};
			name = Release;
		};
		26A09B292DE5EBB7006FEEAC /* Debug */ = {
			isa = XCBuildConfiguration;
			buildSettings = {
				BUNDLE_LOADER = "$(TEST_HOST)";
				CODE_SIGN_STYLE = Automatic;
				CURRENT_PROJECT_VERSION = 1;
				DEVELOPMENT_TEAM = MC42SV6CN7;
				GENERATE_INFOPLIST_FILE = YES;
				IPHONEOS_DEPLOYMENT_TARGET = 18.4;
				MARKETING_VERSION = 1.0;
				PRODUCT_BUNDLE_IDENTIFIER = com.xa.RemindersTests;
				PRODUCT_NAME = "$(TARGET_NAME)";
				SWIFT_EMIT_LOC_STRINGS = NO;
				SWIFT_VERSION = 5.0;
				TARGETED_DEVICE_FAMILY = "1,2";
				TEST_HOST = "$(BUILT_PRODUCTS_DIR)/Reminders.app/$(BUNDLE_EXECUTABLE_FOLDER_PATH)/Reminders";
			};
			name = Debug;
		};
		26A09B2A2DE5EBB7006FEEAC /* Release */ = {
			isa = XCBuildConfiguration;
			buildSettings = {
				BUNDLE_LOADER = "$(TEST_HOST)";
				CODE_SIGN_STYLE = Automatic;
				CURRENT_PROJECT_VERSION = 1;
				DEVELOPMENT_TEAM = MC42SV6CN7;
				GENERATE_INFOPLIST_FILE = YES;
				IPHONEOS_DEPLOYMENT_TARGET = 18.4;
				MARKETING_VERSION = 1.0;
				PRODUCT_BUNDLE_IDENTIFIER = com.xa.RemindersTests;
				PRODUCT_NAME = "$(TARGET_NAME)";
				SWIFT_EMIT_LOC_STRINGS = NO;
				SWIFT_VERSION = 5.0;
				TARGETED_DEVICE_FAMILY = "1,2";
				TEST_HOST = "$(BUILT_PRODUCTS_DIR)/Reminders.app/$(BUNDLE_EXECUTABLE_FOLDER_PATH)/Reminders";
			};
			name = Release;
		};
		26A09B2C2DE5EBB7006FEEAC /* Debug */ = {
			isa = XCBuildConfiguration;
			buildSettings = {
				CODE_SIGN_STYLE = Automatic;
				CURRENT_PROJECT_VERSION = 1;
				DEVELOPMENT_TEAM = MC42SV6CN7;
				GENERATE_INFOPLIST_FILE = YES;
				MARKETING_VERSION = 1.0;
				PRODUCT_BUNDLE_IDENTIFIER = com.xa.RemindersUITests;
				PRODUCT_NAME = "$(TARGET_NAME)";
				SWIFT_EMIT_LOC_STRINGS = NO;
				SWIFT_VERSION = 5.0;
				TARGETED_DEVICE_FAMILY = "1,2";
				TEST_TARGET_NAME = Reminders;
			};
			name = Debug;
		};
		26A09B2D2DE5EBB7006FEEAC /* Release */ = {
			isa = XCBuildConfiguration;
			buildSettings = {
				CODE_SIGN_STYLE = Automatic;
				CURRENT_PROJECT_VERSION = 1;
				DEVELOPMENT_TEAM = MC42SV6CN7;
				GENERATE_INFOPLIST_FILE = YES;
				MARKETING_VERSION = 1.0;
				PRODUCT_BUNDLE_IDENTIFIER = com.xa.RemindersUITests;
				PRODUCT_NAME = "$(TARGET_NAME)";
				SWIFT_EMIT_LOC_STRINGS = NO;
				SWIFT_VERSION = 5.0;
				TARGETED_DEVICE_FAMILY = "1,2";
				TEST_TARGET_NAME = Reminders;
			};
			name = Release;
		};
/* End XCBuildConfiguration section */

/* Begin XCConfigurationList section */
		26A09AFD2DE5EBB6006FEEAC /* Build configuration list for PBXProject "Reminders" */ = {
			isa = XCConfigurationList;
			buildConfigurations = (
				26A09B232DE5EBB7006FEEAC /* Debug */,
				26A09B242DE5EBB7006FEEAC /* Release */,
			);
			defaultConfigurationIsVisible = 0;
			defaultConfigurationName = Release;
		};
		26A09B252DE5EBB7006FEEAC /* Build configuration list for PBXNativeTarget "Reminders" */ = {
			isa = XCConfigurationList;
			buildConfigurations = (
				26A09B262DE5EBB7006FEEAC /* Debug */,
				26A09B272DE5EBB7006FEEAC /* Release */,
			);
			defaultConfigurationIsVisible = 0;
			defaultConfigurationName = Release;
		};
		26A09B282DE5EBB7006FEEAC /* Build configuration list for PBXNativeTarget "RemindersTests" */ = {
			isa = XCConfigurationList;
			buildConfigurations = (
				26A09B292DE5EBB7006FEEAC /* Debug */,
				26A09B2A2DE5EBB7006FEEAC /* Release */,
			);
			defaultConfigurationIsVisible = 0;
			defaultConfigurationName = Release;
		};
		26A09B2B2DE5EBB7006FEEAC /* Build configuration list for PBXNativeTarget "RemindersUITests" */ = {
			isa = XCConfigurationList;
			buildConfigurations = (
				26A09B2C2DE5EBB7006FEEAC /* Debug */,
				26A09B2D2DE5EBB7006FEEAC /* Release */,
			);
			defaultConfigurationIsVisible = 0;
			defaultConfigurationName = Release;
		};
/* End XCConfigurationList section */
	};
	rootObject = 26A09AFA2DE5EBB6006FEEAC /* Project object */;
}
